
Microsoft Visual Studio Solution File, Format Version 12.00
# Visual Studio Version 16
VisualStudioVersion = 16.0.31129.286
MinimumVisualStudioVersion = 10.0.40219.1
Project("{FAE04EC0-301F-11D3-BF4B-00C04F79EFBC}") = "DDD.SimpleCore", "DDD.SimpleCore\DDD.SimpleCore.csproj", "{B599DF02-8CD4-4987-9175-298CF41E5A2E}"
EndProject
Project("{FAE04EC0-301F-11D3-BF4B-00C04F79EFBC}") = "DDD.SimpleExample", "DDD.SimpleExample\DDD.SimpleExample.csproj", "{A5A47836-CFB3-4DC6-8AC3-1AD97A99F2F9}"
EndProject
Global
	GlobalSection(SolutionConfigurationPlatforms) = preSolution
		Debug|Any CPU = Debug|Any CPU
		Release|Any CPU = Release|Any CPU
	EndGlobalSection
	GlobalSection(ProjectConfigurationPlatforms) = postSolution
		{B599DF02-8CD4-4987-9175-298CF41E5A2E}.Debug|Any CPU.ActiveCfg = Debug|Any CPU
		{B599DF02-8CD4-4987-9175-298CF41E5A2E}.Debug|Any CPU.Build.0 = Debug|Any CPU
		{B599DF02-8CD4-4987-9175-298CF41E5A2E}.Release|Any CPU.ActiveCfg = Release|Any CPU
		{B599DF02-8CD4-4987-9175-298CF41E5A2E}.Release|Any CPU.Build.0 = Release|Any CPU
		{A5A47836-CFB3-4DC6-8AC3-1AD97A99F2F9}.Debug|Any CPU.ActiveCfg = Debug|Any CPU
		{A5A47836-CFB3-4DC6-8AC3-1AD97A99F2F9}.Debug|Any CPU.Build.0 = Debug|Any CPU
		{A5A47836-CFB3-4DC6-8AC3-1AD97A99F2F9}.Release|Any CPU.ActiveCfg = Release|Any CPU
		{A5A47836-CFB3-4DC6-8AC3-1AD97A99F2F9}.Release|Any CPU.Build.0 = Release|Any CPU
	EndGlobalSection
	GlobalSection(SolutionProperties) = preSolution
		HideSolutionNode = FALSE
	EndGlobalSection
	GlobalSection(ExtensibilityGlobals) = postSolution
		SolutionGuid = {23ED870B-C6D4-403E-BEB7-296744D00DFC}
	EndGlobalSection
EndGlobal
